
Microsoft Visual Studio Solution File, Format Version 12.00
# Visual Studio 2013
VisualStudioVersion = 12.0.21005.1
MinimumVisualStudioVersion = 10.0.40219.1
Project("{FAE04EC0-301F-11D3-BF4B-00C04F79EFBC}") = "IA_Aforge_CSharp_NeuralNetworks", "IA_Aforge_CSharp_NeuralNetworks\IA_Aforge_CSharp_NeuralNetworks.csproj", "{4EFD6454-C57C-40CC-989D-E5CFB4B98ADB}"
EndProject
Global
	GlobalSection(SolutionConfigurationPlatforms) = preSolution
		Debug|Any CPU = Debug|Any CPU
		Release|Any CPU = Release|Any CPU
	EndGlobalSection
	GlobalSection(ProjectConfigurationPlatforms) = postSolution
		{4EFD6454-C57C-40CC-989D-E5CFB4B98ADB}.Debug|Any CPU.ActiveCfg = Debug|Any CPU
		{4EFD6454-C57C-40CC-989D-E5CFB4B98ADB}.Debug|Any CPU.Build.0 = Debug|Any CPU
		{4EFD6454-C57C-40CC-989D-E5CFB4B98ADB}.Release|Any CPU.ActiveCfg = Release|Any CPU
		{4EFD6454-C57C-40CC-989D-E5CFB4B98ADB}.Release|Any CPU.Build.0 = Release|Any CPU
	EndGlobalSection
	GlobalSection(SolutionProperties) = preSolution
		HideSolutionNode = FALSE
	EndGlobalSection
EndGlobal
